
Microsoft Visual Studio Solution File, Format Version 12.00
# Visual Studio Version 17
VisualStudioVersion = 17.0.31903.59
MinimumVisualStudioVersion = 10.0.40219.1
Project("{2150E333-8FDC-42A3-9474-1A3956D46DE8}") = "src", "src", "{C0F24E75-3FB6-4B9A-9C98-A56DCD836534}"
EndProject
Project("{2150E333-8FDC-42A3-9474-1A3956D46DE8}") = "WebAPI", "WebAPI", "{951ECC0B-4B16-4F55-AC37-B322B8A4983B}"
EndProject
Project("{FAE04EC0-301F-11D3-BF4B-00C04F79EFBC}") = "ShopAppAPI.WebAPI", "src\WebAPI\ShopAppAPI.WebAPI\ShopAppAPI.WebAPI.csproj", "{66562119-B7E6-4854-AD81-13A97473EDAE}"
EndProject
Project("{2150E333-8FDC-42A3-9474-1A3956D46DE8}") = "Infrastructure", "Infrastructure", "{9BE9F11C-EBB8-417B-BF16-4C2E2A75C784}"
EndProject
Project("{FAE04EC0-301F-11D3-BF4B-00C04F79EFBC}") = "ShopAppAPI.Infrastructure", "src\Infrastructure\ShopAppAPI.Infrastructure\ShopAppAPI.Infrastructure.csproj", "{59019F4A-1605-483B-8ACF-3AF49721E3B4}"
EndProject
Project("{FAE04EC0-301F-11D3-BF4B-00C04F79EFBC}") = "ShopAppAPI.Persistance", "src\Infrastructure\ShopAppAPI.Persistance\ShopAppAPI.Persistance.csproj", "{3F558974-E68F-4AF0-B350-76AD86FE3CE1}"
EndProject
Project("{2150E333-8FDC-42A3-9474-1A3956D46DE8}") = "Core", "Core", "{55DFA739-DCC8-4296-A2DF-F183593DAE42}"
EndProject
Project("{FAE04EC0-301F-11D3-BF4B-00C04F79EFBC}") = "ShopAppAPI.Application", "src\Core\ShopAppAPI.Application\ShopAppAPI.Application.csproj", "{9EB33A62-217E-4BB2-9735-F81E5242EB46}"
EndProject
Project("{FAE04EC0-301F-11D3-BF4B-00C04F79EFBC}") = "ShopAppAPI.Domain", "src\Core\ShopAppAPI.Domain\ShopAppAPI.Domain.csproj", "{5F2CF30C-E910-4F7C-9FA5-F49526ABC1AF}"
EndProject
Global
	GlobalSection(SolutionConfigurationPlatforms) = preSolution
		Debug|Any CPU = Debug|Any CPU
		Release|Any CPU = Release|Any CPU
	EndGlobalSection
	GlobalSection(SolutionProperties) = preSolution
		HideSolutionNode = FALSE
	EndGlobalSection
	GlobalSection(ProjectConfigurationPlatforms) = postSolution
		{66562119-B7E6-4854-AD81-13A97473EDAE}.Debug|Any CPU.ActiveCfg = Debug|Any CPU
		{66562119-B7E6-4854-AD81-13A97473EDAE}.Debug|Any CPU.Build.0 = Debug|Any CPU
		{66562119-B7E6-4854-AD81-13A97473EDAE}.Release|Any CPU.ActiveCfg = Release|Any CPU
		{66562119-B7E6-4854-AD81-13A97473EDAE}.Release|Any CPU.Build.0 = Release|Any CPU
		{59019F4A-1605-483B-8ACF-3AF49721E3B4}.Debug|Any CPU.ActiveCfg = Debug|Any CPU
		{59019F4A-1605-483B-8ACF-3AF49721E3B4}.Debug|Any CPU.Build.0 = Debug|Any CPU
		{59019F4A-1605-483B-8ACF-3AF49721E3B4}.Release|Any CPU.ActiveCfg = Release|Any CPU
		{59019F4A-1605-483B-8ACF-3AF49721E3B4}.Release|Any CPU.Build.0 = Release|Any CPU
		{3F558974-E68F-4AF0-B350-76AD86FE3CE1}.Debug|Any CPU.ActiveCfg = Debug|Any CPU
		{3F558974-E68F-4AF0-B350-76AD86FE3CE1}.Debug|Any CPU.Build.0 = Debug|Any CPU
		{3F558974-E68F-4AF0-B350-76AD86FE3CE1}.Release|Any CPU.ActiveCfg = Release|Any CPU
		{3F558974-E68F-4AF0-B350-76AD86FE3CE1}.Release|Any CPU.Build.0 = Release|Any CPU
		{9EB33A62-217E-4BB2-9735-F81E5242EB46}.Debug|Any CPU.ActiveCfg = Debug|Any CPU
		{9EB33A62-217E-4BB2-9735-F81E5242EB46}.Debug|Any CPU.Build.0 = Debug|Any CPU
		{9EB33A62-217E-4BB2-9735-F81E5242EB46}.Release|Any CPU.ActiveCfg = Release|Any CPU
		{9EB33A62-217E-4BB2-9735-F81E5242EB46}.Release|Any CPU.Build.0 = Release|Any CPU
		{5F2CF30C-E910-4F7C-9FA5-F49526ABC1AF}.Debug|Any CPU.ActiveCfg = Debug|Any CPU
		{5F2CF30C-E910-4F7C-9FA5-F49526ABC1AF}.Debug|Any CPU.Build.0 = Debug|Any CPU
		{5F2CF30C-E910-4F7C-9FA5-F49526ABC1AF}.Release|Any CPU.ActiveCfg = Release|Any CPU
		{5F2CF30C-E910-4F7C-9FA5-F49526ABC1AF}.Release|Any CPU.Build.0 = Release|Any CPU
	EndGlobalSection
	GlobalSection(NestedProjects) = preSolution
		{951ECC0B-4B16-4F55-AC37-B322B8A4983B} = {C0F24E75-3FB6-4B9A-9C98-A56DCD836534}
		{66562119-B7E6-4854-AD81-13A97473EDAE} = {951ECC0B-4B16-4F55-AC37-B322B8A4983B}
		{9BE9F11C-EBB8-417B-BF16-4C2E2A75C784} = {C0F24E75-3FB6-4B9A-9C98-A56DCD836534}
		{59019F4A-1605-483B-8ACF-3AF49721E3B4} = {9BE9F11C-EBB8-417B-BF16-4C2E2A75C784}
		{3F558974-E68F-4AF0-B350-76AD86FE3CE1} = {9BE9F11C-EBB8-417B-BF16-4C2E2A75C784}
		{55DFA739-DCC8-4296-A2DF-F183593DAE42} = {C0F24E75-3FB6-4B9A-9C98-A56DCD836534}
		{9EB33A62-217E-4BB2-9735-F81E5242EB46} = {55DFA739-DCC8-4296-A2DF-F183593DAE42}
		{5F2CF30C-E910-4F7C-9FA5-F49526ABC1AF} = {55DFA739-DCC8-4296-A2DF-F183593DAE42}
	EndGlobalSection
EndGlobal
